
Microsoft Visual Studio Solution File, Format Version 12.00
# Visual Studio Version 17
VisualStudioVersion = 17.7.34024.191
MinimumVisualStudioVersion = 10.0.40219.1
Project("{9A19103F-16F7-4668-BE54-9A1E7A4F7556}") = "RinhaInterpreter", "..\..\..\_SANDBOX\rinha-compiler-csharp-main\RinhaCompiler\RinhaInterpreter.csproj", "{1E80B87A-21FB-4F90-B08C-B29AC4505DBE}"
EndProject
Global
	GlobalSection(SolutionConfigurationPlatforms) = preSolution
		Debug|Any CPU = Debug|Any CPU
		Release|Any CPU = Release|Any CPU
	EndGlobalSection
	GlobalSection(ProjectConfigurationPlatforms) = postSolution
		{1E80B87A-21FB-4F90-B08C-B29AC4505DBE}.Debug|Any CPU.ActiveCfg = Debug|Any CPU
		{1E80B87A-21FB-4F90-B08C-B29AC4505DBE}.Debug|Any CPU.Build.0 = Debug|Any CPU
		{1E80B87A-21FB-4F90-B08C-B29AC4505DBE}.Release|Any CPU.ActiveCfg = Release|Any CPU
		{1E80B87A-21FB-4F90-B08C-B29AC4505DBE}.Release|Any CPU.Build.0 = Release|Any CPU
	EndGlobalSection
	GlobalSection(SolutionProperties) = preSolution
		HideSolutionNode = FALSE
	EndGlobalSection
	GlobalSection(ExtensibilityGlobals) = postSolution
		SolutionGuid = {59105E1E-D34D-4221-901E-D9167D7FE290}
	EndGlobalSection
EndGlobal
